# THIS IS AN AUTOGENERATED FILE. DO NOT EDIT THIS FILE DIRECTLY.
# yarn lockfile v1


expert@^0.3.2:
  version "0.3.2"
  resolved "https://registry.yarnpkg.com/expert/-/expert-0.3.2.tgz#e762930a1a986f8c61d702184c6581ee02a17988"
  dependencies:
    underscore "*"

underscore@*, underscore@^1.8.3:
  version "1.8.3"
  resolved "https://registry.yarnpkg.com/underscore/-/underscore-1.8.3.tgz#4f3fb53b106e6097fcf9cb4109f2a5e9bdfa5022"
